// !$*UTF8*$!
{
	archiveVersion = 1;
	classes = {
	};
	objectVersion = 56;
	objects = {

/* Begin PBXBuildFile section */
		9D54B2832B04BDB1009EFD19 /* RemindersAppApp.swift in Sources */ = {isa = PBXBuildFile; fileRef = 9D54B2822B04BDB1009EFD19 /* RemindersAppApp.swift */; };
		9D54B2852B04BDB1009EFD19 /* ContentView.swift in Sources */ = {isa = PBXBuildFile; fileRef = 9D54B2842B04BDB1009EFD19 /* ContentView.swift */; };
		9D54B2872B04BDB2009EFD19 /* Assets.xcassets in Resources */ = {isa = PBXBuildFile; fileRef = 9D54B2862B04BDB2009EFD19 /* Assets.xcassets */; };
		9D54B28A2B04BDB2009EFD19 /* Preview Assets.xcassets in Resources */ = {isa = PBXBuildFile; fileRef = 9D54B2892B04BDB2009EFD19 /* Preview Assets.xcassets */; };
		9DBA005B2B0DF51200791723 /* HomeView.swift in Sources */ = {isa = PBXBuildFile; fileRef = 9DBA005A2B0DF51200791723 /* HomeView.swift */; };
		9DBA005D2B0DF56F00791723 /* ListCardView.swift in Sources */ = {isa = PBXBuildFile; fileRef = 9DBA005C2B0DF56F00791723 /* ListCardView.swift */; };
		9DBA00602B0DF59400791723 /* Reminder.swift in Sources */ = {isa = PBXBuildFile; fileRef = 9DBA005F2B0DF59400791723 /* Reminder.swift */; };
		9DBA00622B0DF5C200791723 /* ReminderList.swift in Sources */ = {isa = PBXBuildFile; fileRef = 9DBA00612B0DF5C200791723 /* ReminderList.swift */; };
		9DBA00642B0DF61100791723 /* ReminderListView.swift in Sources */ = {isa = PBXBuildFile; fileRef = 9DBA00632B0DF61100791723 /* ReminderListView.swift */; };
		9DBA00662B0DF68500791723 /* ReminderListRowView.swift in Sources */ = {isa = PBXBuildFile; fileRef = 9DBA00652B0DF68500791723 /* ReminderListRowView.swift */; };
		9DBA00682B0DF6AB00791723 /* ReminderRowView.swift in Sources */ = {isa = PBXBuildFile; fileRef = 9DBA00672B0DF6AB00791723 /* ReminderRowView.swift */; };
/* End PBXBuildFile section */

/* Begin PBXFileReference section */
		9D54B27F2B04BDB1009EFD19 /* RemindersApp.app */ = {isa = PBXFileReference; explicitFileType = wrapper.application; includeInIndex = 0; path = RemindersApp.app; sourceTree = BUILT_PRODUCTS_DIR; };
		9D54B2822B04BDB1009EFD19 /* RemindersAppApp.swift */ = {isa = PBXFileReference; lastKnownFileType = sourcecode.swift; path = RemindersAppApp.swift; sourceTree = "<group>"; };
		9D54B2842B04BDB1009EFD19 /* ContentView.swift */ = {isa = PBXFileReference; lastKnownFileType = sourcecode.swift; path = ContentView.swift; sourceTree = "<group>"; };
		9D54B2862B04BDB2009EFD19 /* Assets.xcassets */ = {isa = PBXFileReference; lastKnownFileType = folder.assetcatalog; path = Assets.xcassets; sourceTree = "<group>"; };
		9D54B2892B04BDB2009EFD19 /* Preview Assets.xcassets */ = {isa = PBXFileReference; lastKnownFileType = folder.assetcatalog; path = "Preview Assets.xcassets"; sourceTree = "<group>"; };
		9DBA005A2B0DF51200791723 /* HomeView.swift */ = {isa = PBXFileReference; lastKnownFileType = sourcecode.swift; path = HomeView.swift; sourceTree = "<group>"; };
		9DBA005C2B0DF56F00791723 /* ListCardView.swift */ = {isa = PBXFileReference; lastKnownFileType = sourcecode.swift; path = ListCardView.swift; sourceTree = "<group>"; };
		9DBA005F2B0DF59400791723 /* Reminder.swift */ = {isa = PBXFileReference; lastKnownFileType = sourcecode.swift; path = Reminder.swift; sourceTree = "<group>"; };
		9DBA00612B0DF5C200791723 /* ReminderList.swift */ = {isa = PBXFileReference; lastKnownFileType = sourcecode.swift; path = ReminderList.swift; sourceTree = "<group>"; };
		9DBA00632B0DF61100791723 /* ReminderListView.swift */ = {isa = PBXFileReference; lastKnownFileType = sourcecode.swift; path = ReminderListView.swift; sourceTree = "<group>"; };
		9DBA00652B0DF68500791723 /* ReminderListRowView.swift */ = {isa = PBXFileReference; lastKnownFileType = sourcecode.swift; path = ReminderListRowView.swift; sourceTree = "<group>"; };
		9DBA00672B0DF6AB00791723 /* ReminderRowView.swift */ = {isa = PBXFileReference; lastKnownFileType = sourcecode.swift; path = ReminderRowView.swift; sourceTree = "<group>"; };
/* End PBXFileReference section */

/* Begin PBXFrameworksBuildPhase section */
		9D54B27C2B04BDB1009EFD19 /* Frameworks */ = {
			isa = PBXFrameworksBuildPhase;
			buildActionMask = 2147483647;
			files = (
			);
			runOnlyForDeploymentPostprocessing = 0;
		};
/* End PBXFrameworksBuildPhase section */

/* Begin PBXGroup section */
		9D54B2762B04BDB1009EFD19 = {
			isa = PBXGroup;
			children = (
				9D54B2812B04BDB1009EFD19 /* RemindersApp */,
				9D54B2802B04BDB1009EFD19 /* Products */,
			);
			sourceTree = "<group>";
		};
		9D54B2802B04BDB1009EFD19 /* Products */ = {
			isa = PBXGroup;
			children = (
				9D54B27F2B04BDB1009EFD19 /* RemindersApp.app */,
			);
			name = Products;
			sourceTree = "<group>";
		};
		9D54B2812B04BDB1009EFD19 /* RemindersApp */ = {
			isa = PBXGroup;
			children = (
				9D54B2822B04BDB1009EFD19 /* RemindersAppApp.swift */,
				9D54B2842B04BDB1009EFD19 /* ContentView.swift */,
				9DBA005A2B0DF51200791723 /* HomeView.swift */,
				9DBA00652B0DF68500791723 /* ReminderListRowView.swift */,
				9DBA00672B0DF6AB00791723 /* ReminderRowView.swift */,
				9DBA005C2B0DF56F00791723 /* ListCardView.swift */,
				9DBA005E2B0DF57D00791723 /* Model */,
				9D54B2862B04BDB2009EFD19 /* Assets.xcassets */,
				9D54B2882B04BDB2009EFD19 /* Preview Content */,
			);
			path = RemindersApp;
			sourceTree = "<group>";
		};
		9D54B2882B04BDB2009EFD19 /* Preview Content */ = {
			isa = PBXGroup;
			children = (
				9D54B2892B04BDB2009EFD19 /* Preview Assets.xcassets */,
			);
			path = "Preview Content";
			sourceTree = "<group>";
		};
		9DBA005E2B0DF57D00791723 /* Model */ = {
			isa = PBXGroup;
			children = (
				9DBA005F2B0DF59400791723 /* Reminder.swift */,
				9DBA00612B0DF5C200791723 /* ReminderList.swift */,
				9DBA00632B0DF61100791723 /* ReminderListView.swift */,
			);
			path = Model;
			sourceTree = "<group>";
		};
/* End PBXGroup section */

/* Begin PBXNativeTarget section */
		9D54B27E2B04BDB1009EFD19 /* RemindersApp */ = {
			isa = PBXNativeTarget;
			buildConfigurationList = 9D54B28D2B04BDB2009EFD19 /* Build configuration list for PBXNativeTarget "RemindersApp" */;
			buildPhases = (
				9D54B27B2B04BDB1009EFD19 /* Sources */,
				9D54B27C2B04BDB1009EFD19 /* Frameworks */,
				9D54B27D2B04BDB1009EFD19 /* Resources */,
			);
			buildRules = (
			);
			dependencies = (
			);
			name = RemindersApp;
			productName = RemindersApp;
			productReference = 9D54B27F2B04BDB1009EFD19 /* RemindersApp.app */;
			productType = "com.apple.product-type.application";
		};
/* End PBXNativeTarget section */

/* Begin PBXProject section */
		9D54B2772B04BDB1009EFD19 /* Project object */ = {
			isa = PBXProject;
			attributes = {
				BuildIndependentTargetsInParallel = 1;
				LastSwiftUpdateCheck = 1500;
				LastUpgradeCheck = 1500;
				TargetAttributes = {
					9D54B27E2B04BDB1009EFD19 = {
						CreatedOnToolsVersion = 15.0.1;
					};
				};
			};
			buildConfigurationList = 9D54B27A2B04BDB1009EFD19 /* Build configuration list for PBXProject "RemindersApp" */;
			compatibilityVersion = "Xcode 14.0";
			developmentRegion = en;
			hasScannedForEncodings = 0;
			knownRegions = (
				en,
				Base,
			);
			mainGroup = 9D54B2762B04BDB1009EFD19;
			productRefGroup = 9D54B2802B04BDB1009EFD19 /* Products */;
			projectDirPath = "";
			projectRoot = "";
			targets = (
				9D54B27E2B04BDB1009EFD19 /* RemindersApp */,
			);
		};
/* End PBXProject section */

/* Begin PBXResourcesBuildPhase section */
		9D54B27D2B04BDB1009EFD19 /* Resources */ = {
			isa = PBXResourcesBuildPhase;
			buildActionMask = 2147483647;
			files = (
				9D54B28A2B04BDB2009EFD19 /* Preview Assets.xcassets in Resources */,
				9D54B2872B04BDB2009EFD19 /* Assets.xcassets in Resources */,
			);
			runOnlyForDeploymentPostprocessing = 0;
		};
/* End PBXResourcesBuildPhase section */

/* Begin PBXSourcesBuildPhase section */
		9D54B27B2B04BDB1009EFD19 /* Sources */ = {
			isa = PBXSourcesBuildPhase;
			buildActionMask = 2147483647;
			files = (
				9DBA005B2B0DF51200791723 /* HomeView.swift in Sources */,
				9DBA00662B0DF68500791723 /* ReminderListRowView.swift in Sources */,
				9DBA00622B0DF5C200791723 /* ReminderList.swift in Sources */,
				9DBA00642B0DF61100791723 /* ReminderListView.swift in Sources */,
				9D54B2852B04BDB1009EFD19 /* ContentView.swift in Sources */,
				9DBA005D2B0DF56F00791723 /* ListCardView.swift in Sources */,
				9D54B2832B04BDB1009EFD19 /* RemindersAppApp.swift in Sources */,
				9DBA00682B0DF6AB00791723 /* ReminderRowView.swift in Sources */,
				9DBA00602B0DF59400791723 /* Reminder.swift in Sources */,
			);
			runOnlyForDeploymentPostprocessing = 0;
		};
/* End PBXSourcesBuildPhase section */

/* Begin XCBuildConfiguration section */
		9D54B28B2B04BDB2009EFD19 /* Debug */ = {
			isa = XCBuildConfiguration;
			buildSettings = {
				ALWAYS_SEARCH_USER_PATHS = NO;
				ASSETCATALOG_COMPILER_GENERATE_SWIFT_ASSET_SYMBOL_EXTENSIONS = YES;
				CLANG_ANALYZER_NONNULL = YES;
				CLANG_ANALYZER_NUMBER_OBJECT_CONVERSION = YES_AGGRESSIVE;
				CLANG_CXX_LANGUAGE_STANDARD = "gnu++20";
				CLANG_ENABLE_MODULES = YES;
				CLANG_ENABLE_OBJC_ARC = YES;
				CLANG_ENABLE_OBJC_WEAK = YES;
				CLANG_WARN_BLOCK_CAPTURE_AUTORELEASING = YES;
				CLANG_WARN_BOOL_CONVERSION = YES;
				CLANG_WARN_COMMA = YES;
				CLANG_WARN_CONSTANT_CONVERSION = YES;
				CLANG_WARN_DEPRECATED_OBJC_IMPLEMENTATIONS = YES;
				CLANG_WARN_DIRECT_OBJC_ISA_USAGE = YES_ERROR;
				CLANG_WARN_DOCUMENTATION_COMMENTS = YES;
				CLANG_WARN_EMPTY_BODY = YES;
				CLANG_WARN_ENUM_CONVERSION = YES;
				CLANG_WARN_INFINITE_RECURSION = YES;
				CLANG_WARN_INT_CONVERSION = YES;
				CLANG_WARN_NON_LITERAL_NULL_CONVERSION = YES;
				CLANG_WARN_OBJC_IMPLICIT_RETAIN_SELF = YES;
				CLANG_WARN_OBJC_LITERAL_CONVERSION = YES;
				CLANG_WARN_OBJC_ROOT_CLASS = YES_ERROR;
				CLANG_WARN_QUOTED_INCLUDE_IN_FRAMEWORK_HEADER = YES;
				CLANG_WARN_RANGE_LOOP_ANALYSIS = YES;
				CLANG_WARN_STRICT_PROTOTYPES = YES;
				CLANG_WARN_SUSPICIOUS_MOVE = YES;
				CLANG_WARN_UNGUARDED_AVAILABILITY = YES_AGGRESSIVE;
				CLANG_WARN_UNREACHABLE_CODE = YES;
				CLANG_WARN__DUPLICATE_METHOD_MATCH = YES;
				COPY_PHASE_STRIP = NO;
				DEBUG_INFORMATION_FORMAT = dwarf;
				ENABLE_STRICT_OBJC_MSGSEND = YES;
				ENABLE_TESTABILITY = YES;
				ENABLE_USER_SCRIPT_SANDBOXING = YES;
				GCC_C_LANGUAGE_STANDARD = gnu17;
				GCC_DYNAMIC_NO_PIC = NO;
				GCC_NO_COMMON_BLOCKS = YES;
				GCC_OPTIMIZATION_LEVEL = 0;
				GCC_PREPROCESSOR_DEFINITIONS = (
					"DEBUG=1",
					"$(inherited)",
				);
				GCC_WARN_64_TO_32_BIT_CONVERSION = YES;
				GCC_WARN_ABOUT_RETURN_TYPE = YES_ERROR;
				GCC_WARN_UNDECLARED_SELECTOR = YES;
				GCC_WARN_UNINITIALIZED_AUTOS = YES_AGGRESSIVE;
				GCC_WARN_UNUSED_FUNCTION = YES;
				GCC_WARN_UNUSED_VARIABLE = YES;
				IPHONEOS_DEPLOYMENT_TARGET = 17.0;
				LOCALIZATION_PREFERS_STRING_CATALOGS = YES;
				MTL_ENABLE_DEBUG_INFO = INCLUDE_SOURCE;
				MTL_FAST_MATH = YES;
				ONLY_ACTIVE_ARCH = YES;
				SDKROOT = iphoneos;
				SWIFT_ACTIVE_COMPILATION_CONDITIONS = "DEBUG $(inherited)";
				SWIFT_OPTIMIZATION_LEVEL = "-Onone";
			};
			name = Debug;
		};
		9D54B28C2B04BDB2009EFD19 /* Release */ = {
			isa = XCBuildConfiguration;
			buildSettings = {
				ALWAYS_SEARCH_USER_PATHS = NO;
				ASSETCATALOG_COMPILER_GENERATE_SWIFT_ASSET_SYMBOL_EXTENSIONS = YES;
				CLANG_ANALYZER_NONNULL = YES;
				CLANG_ANALYZER_NUMBER_OBJECT_CONVERSION = YES_AGGRESSIVE;
				CLANG_CXX_LANGUAGE_STANDARD = "gnu++20";
				CLANG_ENABLE_MODULES = YES;
				CLANG_ENABLE_OBJC_ARC = YES;
				CLANG_ENABLE_OBJC_WEAK = YES;
				CLANG_WARN_BLOCK_CAPTURE_AUTORELEASING = YES;
				CLANG_WARN_BOOL_CONVERSION = YES;
				CLANG_WARN_COMMA = YES;
				CLANG_WARN_CONSTANT_CONVERSION = YES;
				CLANG_WARN_DEPRECATED_OBJC_IMPLEMENTATIONS = YES;
				CLANG_WARN_DIRECT_OBJC_ISA_USAGE = YES_ERROR;
				CLANG_WARN_DOCUMENTATION_COMMENTS = YES;
				CLANG_WARN_EMPTY_BODY = YES;
				CLANG_WARN_ENUM_CONVERSION = YES;
				CLANG_WARN_INFINITE_RECURSION = YES;
				CLANG_WARN_INT_CONVERSION = YES;
				CLANG_WARN_NON_LITERAL_NULL_CONVERSION = YES;
				CLANG_WARN_OBJC_IMPLICIT_RETAIN_SELF = YES;
				CLANG_WARN_OBJC_LITERAL_CONVERSION = YES;
				CLANG_WARN_OBJC_ROOT_CLASS = YES_ERROR;
				CLANG_WARN_QUOTED_INCLUDE_IN_FRAMEWORK_HEADER = YES;
				CLANG_WARN_RANGE_LOOP_ANALYSIS = YES;
				CLANG_WARN_STRICT_PROTOTYPES = YES;
				CLANG_WARN_SUSPICIOUS_MOVE = YES;
				CLANG_WARN_UNGUARDED_AVAILABILITY = YES_AGGRESSIVE;
				CLANG_WARN_UNREACHABLE_CODE = YES;
				CLANG_WARN__DUPLICATE_METHOD_MATCH = YES;
				COPY_PHASE_STRIP = NO;
				DEBUG_INFORMATION_FORMAT = "dwarf-with-dsym";
				ENABLE_NS_ASSERTIONS = NO;
				ENABLE_STRICT_OBJC_MSGSEND = YES;
				ENABLE_USER_SCRIPT_SANDBOXING = YES;
				GCC_C_LANGUAGE_STANDARD = gnu17;
				GCC_NO_COMMON_BLOCKS = YES;
				GCC_WARN_64_TO_32_BIT_CONVERSION = YES;
				GCC_WARN_ABOUT_RETURN_TYPE = YES_ERROR;
				GCC_WARN_UNDECLARED_SELECTOR = YES;
				GCC_WARN_UNINITIALIZED_AUTOS = YES_AGGRESSIVE;
				GCC_WARN_UNUSED_FUNCTION = YES;
				GCC_WARN_UNUSED_VARIABLE = YES;
				IPHONEOS_DEPLOYMENT_TARGET = 17.0;
				LOCALIZATION_PREFERS_STRING_CATALOGS = YES;
				MTL_ENABLE_DEBUG_INFO = NO;
				MTL_FAST_MATH = YES;
				SDKROOT = iphoneos;
				SWIFT_COMPILATION_MODE = wholemodule;
				VALIDATE_PRODUCT = YES;
			};
			name = Release;
		};
		9D54B28E2B04BDB2009EFD19 /* Debug */ = {
			isa = XCBuildConfiguration;
			buildSettings = {
				ASSETCATALOG_COMPILER_APPICON_NAME = AppIcon;
				ASSETCATALOG_COMPILER_GLOBAL_ACCENT_COLOR_NAME = AccentColor;
				CODE_SIGN_STYLE = Automatic;
				CURRENT_PROJECT_VERSION = 1;
				DEVELOPMENT_ASSET_PATHS = "\"RemindersApp/Preview Content\"";
				DEVELOPMENT_TEAM = TLGR33CUSU;
				ENABLE_PREVIEWS = YES;
				GENERATE_INFOPLIST_FILE = YES;
				INFOPLIST_KEY_UIApplicationSceneManifest_Generation = YES;
				INFOPLIST_KEY_UIApplicationSupportsIndirectInputEvents = YES;
				INFOPLIST_KEY_UILaunchScreen_Generation = YES;
				INFOPLIST_KEY_UISupportedInterfaceOrientations_iPad = "UIInterfaceOrientationPortrait UIInterfaceOrientationPortraitUpsideDown UIInterfaceOrientationLandscapeLeft UIInterfaceOrientationLandscapeRight";
				INFOPLIST_KEY_UISupportedInterfaceOrientations_iPhone = "UIInterfaceOrientationPortrait UIInterfaceOrientationLandscapeLeft UIInterfaceOrientationLandscapeRight";
				LD_RUNPATH_SEARCH_PATHS = (
					"$(inherited)",
					"@executable_path/Frameworks",
				);
				MARKETING_VERSION = 1.0;
				PRODUCT_BUNDLE_IDENTIFIER = com.alessiabarone.RemindersApp;
				PRODUCT_NAME = "$(TARGET_NAME)";
				SWIFT_EMIT_LOC_STRINGS = YES;
				SWIFT_VERSION = 5.0;
				TARGETED_DEVICE_FAMILY = "1,2";
			};
			name = Debug;
		};
		9D54B28F2B04BDB2009EFD19 /* Release */ = {
			isa = XCBuildConfiguration;
			buildSettings = {
				ASSETCATALOG_COMPILER_APPICON_NAME = AppIcon;
				ASSETCATALOG_COMPILER_GLOBAL_ACCENT_COLOR_NAME = AccentColor;
				CODE_SIGN_STYLE = Automatic;
				CURRENT_PROJECT_VERSION = 1;
				DEVELOPMENT_ASSET_PATHS = "\"RemindersApp/Preview Content\"";
				DEVELOPMENT_TEAM = TLGR33CUSU;
				ENABLE_PREVIEWS = YES;
				GENERATE_INFOPLIST_FILE = YES;
				INFOPLIST_KEY_UIApplicationSceneManifest_Generation = YES;
				INFOPLIST_KEY_UIApplicationSupportsIndirectInputEvents = YES;
				INFOPLIST_KEY_UILaunchScreen_Generation = YES;
				INFOPLIST_KEY_UISupportedInterfaceOrientations_iPad = "UIInterfaceOrientationPortrait UIInterfaceOrientationPortraitUpsideDown UIInterfaceOrientationLandscapeLeft UIInterfaceOrientationLandscapeRight";
				INFOPLIST_KEY_UISupportedInterfaceOrientations_iPhone = "UIInterfaceOrientationPortrait UIInterfaceOrientationLandscapeLeft UIInterfaceOrientationLandscapeRight";
				LD_RUNPATH_SEARCH_PATHS = (
					"$(inherited)",
					"@executable_path/Frameworks",
				);
				MARKETING_VERSION = 1.0;
				PRODUCT_BUNDLE_IDENTIFIER = com.alessiabarone.RemindersApp;
				PRODUCT_NAME = "$(TARGET_NAME)";
				SWIFT_EMIT_LOC_STRINGS = YES;
				SWIFT_VERSION = 5.0;
				TARGETED_DEVICE_FAMILY = "1,2";
			};
			name = Release;
		};
/* End XCBuildConfiguration section */

/* Begin XCConfigurationList section */
		9D54B27A2B04BDB1009EFD19 /* Build configuration list for PBXProject "RemindersApp" */ = {
			isa = XCConfigurationList;
			buildConfigurations = (
				9D54B28B2B04BDB2009EFD19 /* Debug */,
				9D54B28C2B04BDB2009EFD19 /* Release */,
			);
			defaultConfigurationIsVisible = 0;
			defaultConfigurationName = Release;
		};
		9D54B28D2B04BDB2009EFD19 /* Build configuration list for PBXNativeTarget "RemindersApp" */ = {
			isa = XCConfigurationList;
			buildConfigurations = (
				9D54B28E2B04BDB2009EFD19 /* Debug */,
				9D54B28F2B04BDB2009EFD19 /* Release */,
			);
			defaultConfigurationIsVisible = 0;
			defaultConfigurationName = Release;
		};
/* End XCConfigurationList section */
	};
	rootObject = 9D54B2772B04BDB1009EFD19 /* Project object */;
}
